
Microsoft Visual Studio Solution File, Format Version 12.00
# Visual Studio 15
VisualStudioVersion = 15.0.27130.2027
MinimumVisualStudioVersion = 10.0.40219.1
Project("{9A19103F-16F7-4668-BE54-9A1E7A4F7556}") = "RedisHelpers", "RedisHelper\RedisHelpers.csproj", "{45D93385-143C-42BF-AE07-4E56BA363776}"
EndProject
Project("{FAE04EC0-301F-11D3-BF4B-00C04F79EFBC}") = "RedisHelpers.Tests", "RedisHelpers.Tests\RedisHelpers.Tests.csproj", "{54951A2B-A5B1-4AF0-A4D4-A06AA86C7CE7}"
EndProject
Global
	GlobalSection(SolutionConfigurationPlatforms) = preSolution
		Debug|Any CPU = Debug|Any CPU
		Release|Any CPU = Release|Any CPU
	EndGlobalSection
	GlobalSection(ProjectConfigurationPlatforms) = postSolution
		{45D93385-143C-42BF-AE07-4E56BA363776}.Debug|Any CPU.ActiveCfg = Debug|Any CPU
		{45D93385-143C-42BF-AE07-4E56BA363776}.Debug|Any CPU.Build.0 = Debug|Any CPU
		{45D93385-143C-42BF-AE07-4E56BA363776}.Release|Any CPU.ActiveCfg = Release|Any CPU
		{45D93385-143C-42BF-AE07-4E56BA363776}.Release|Any CPU.Build.0 = Release|Any CPU
		{54951A2B-A5B1-4AF0-A4D4-A06AA86C7CE7}.Debug|Any CPU.ActiveCfg = Debug|Any CPU
		{54951A2B-A5B1-4AF0-A4D4-A06AA86C7CE7}.Debug|Any CPU.Build.0 = Debug|Any CPU
		{54951A2B-A5B1-4AF0-A4D4-A06AA86C7CE7}.Release|Any CPU.ActiveCfg = Release|Any CPU
		{54951A2B-A5B1-4AF0-A4D4-A06AA86C7CE7}.Release|Any CPU.Build.0 = Release|Any CPU
	EndGlobalSection
	GlobalSection(SolutionProperties) = preSolution
		HideSolutionNode = FALSE
	EndGlobalSection
	GlobalSection(ExtensibilityGlobals) = postSolution
		SolutionGuid = {5C41FECD-1391-4395-9DC0-DEA9E08A0546}
	EndGlobalSection
EndGlobal
